
Microsoft Visual Studio Solution File, Format Version 12.00
# Visual Studio Version 17
VisualStudioVersion = 17.5.002.0
MinimumVisualStudioVersion = 10.0.40219.1
Project("{2150E333-8FDC-42A3-9474-1A3956D46DE8}") = "prepare", "prepare", "{A04CDFE2-BB21-4B96-B9B4-9FCBF1A8541A}"
EndProject
Project("{9A19103F-16F7-4668-BE54-9A1E7A4F7556}") = "Learning02", "prepare\Learning02\Learning02.csproj", "{8B4A5B50-3862-461E-801F-5EA0BE71073F}"
EndProject
Project("{9A19103F-16F7-4668-BE54-9A1E7A4F7556}") = "Learning05", "prepare\Learning05\Learning05.csproj", "{889D4434-36BC-49A0-8D07-564D36926C49}"
EndProject
Project("{9A19103F-16F7-4668-BE54-9A1E7A4F7556}") = "Learning04", "prepare\Learning04\Learning04.csproj", "{EFE5720E-BFAA-4857-8EB9-117081C34F1F}"
EndProject
Project("{9A19103F-16F7-4668-BE54-9A1E7A4F7556}") = "Learning03", "prepare\Learning03\Learning03.csproj", "{B5849D22-AC41-4D0E-B121-12B2D3CB6EB2}"
EndProject
Project("{2150E333-8FDC-42A3-9474-1A3956D46DE8}") = "prove", "prove", "{B5D45ACF-311F-4BC6-B9E2-4D2AE1E134E8}"
EndProject
Project("{9A19103F-16F7-4668-BE54-9A1E7A4F7556}") = "Develop03", "prove\Develop03\Develop03.csproj", "{005ABF3D-01FE-4B04-BA38-396E56E81672}"
EndProject
Project("{9A19103F-16F7-4668-BE54-9A1E7A4F7556}") = "Develop04", "prove\Develop04\Develop04.csproj", "{C0D3A2A5-833B-48EE-8AFF-126E1FED693F}"
EndProject
Project("{9A19103F-16F7-4668-BE54-9A1E7A4F7556}") = "Develop05", "prove\Develop05\Develop05.csproj", "{29AB012E-A8D6-4805-A95B-F28D360F1D91}"
EndProject
Project("{9A19103F-16F7-4668-BE54-9A1E7A4F7556}") = "Develop02", "prove\Develop02\Develop02.csproj", "{FC7F0A7A-6B3D-4C0F-B593-4DC25590021F}"
EndProject
Project("{2150E333-8FDC-42A3-9474-1A3956D46DE8}") = "sandbox", "sandbox", "{2CEA4152-A7B9-46E3-BFF8-A0DCE84A7D8A}"
EndProject
Project("{9A19103F-16F7-4668-BE54-9A1E7A4F7556}") = "Sandbox", "sandbox\Sandbox\Sandbox.csproj", "{2023888B-AE1C-4D07-9D67-9B1343F90E12}"
EndProject
Project("{2150E333-8FDC-42A3-9474-1A3956D46DE8}") = "final", "final", "{62B3B9FF-5D9A-433B-B702-D89554E84FCC}"
EndProject
Project("{9A19103F-16F7-4668-BE54-9A1E7A4F7556}") = "FinalProject", "final\FinalProject\FinalProject.csproj", "{C0C8167F-18D2-47BE-80A7-429A76FE4DD0}"
EndProject
Project("{9A19103F-16F7-4668-BE54-9A1E7A4F7556}") = "Foundation1", "final\Foundation1\Foundation1.csproj", "{A7809C5D-71DB-4DCE-AE8A-79629CB97452}"
EndProject
Project("{9A19103F-16F7-4668-BE54-9A1E7A4F7556}") = "Foundation4", "final\Foundation4\Foundation4.csproj", "{2EDACF1A-A97E-4192-8897-FECE5F557DB4}"
EndProject
Project("{9A19103F-16F7-4668-BE54-9A1E7A4F7556}") = "Foundation3", "final\Foundation3\Foundation3.csproj", "{611F2F27-1D30-4E99-AB47-C682FD733437}"
EndProject
Project("{9A19103F-16F7-4668-BE54-9A1E7A4F7556}") = "Foundation2", "final\Foundation2\Foundation2.csproj", "{9B8ACB3E-9BF7-46B6-84DA-73AD84983232}"
EndProject
Project("{2150E333-8FDC-42A3-9474-1A3956D46DE8}") = "csharp-prep", "csharp-prep", "{1A05EBF0-7750-47F0-A09E-63540DAAA876}"
EndProject
Project("{9A19103F-16F7-4668-BE54-9A1E7A4F7556}") = "Prep1", "csharp-prep\Prep1\Prep1.csproj", "{EE525CCD-ECD4-4766-B53B-20E6AF037A1B}"
EndProject
Project("{9A19103F-16F7-4668-BE54-9A1E7A4F7556}") = "Prep5", "csharp-prep\Prep5\Prep5.csproj", "{083815B6-F320-459D-96C9-6884A9A47AEE}"
EndProject
Project("{9A19103F-16F7-4668-BE54-9A1E7A4F7556}") = "Prep2", "csharp-prep\Prep2\Prep2.csproj", "{15F717BF-64AD-4FC0-BC9F-68E0FCD23813}"
EndProject
Project("{9A19103F-16F7-4668-BE54-9A1E7A4F7556}") = "Prep3", "csharp-prep\Prep3\Prep3.csproj", "{78594BBC-0BE7-4A30-8A6F-59C0F8996265}"
EndProject
Project("{9A19103F-16F7-4668-BE54-9A1E7A4F7556}") = "Prep4", "csharp-prep\Prep4\Prep4.csproj", "{CA5491ED-E6D5-49E8-8063-4CD47379B9CA}"
EndProject
Global
	GlobalSection(SolutionConfigurationPlatforms) = preSolution
		Debug|Any CPU = Debug|Any CPU
		Release|Any CPU = Release|Any CPU
	EndGlobalSection
	GlobalSection(ProjectConfigurationPlatforms) = postSolution
		{8B4A5B50-3862-461E-801F-5EA0BE71073F}.Debug|Any CPU.ActiveCfg = Debug|Any CPU
		{8B4A5B50-3862-461E-801F-5EA0BE71073F}.Debug|Any CPU.Build.0 = Debug|Any CPU
		{8B4A5B50-3862-461E-801F-5EA0BE71073F}.Release|Any CPU.ActiveCfg = Release|Any CPU
		{8B4A5B50-3862-461E-801F-5EA0BE71073F}.Release|Any CPU.Build.0 = Release|Any CPU
		{889D4434-36BC-49A0-8D07-564D36926C49}.Debug|Any CPU.ActiveCfg = Debug|Any CPU
		{889D4434-36BC-49A0-8D07-564D36926C49}.Debug|Any CPU.Build.0 = Debug|Any CPU
		{889D4434-36BC-49A0-8D07-564D36926C49}.Release|Any CPU.ActiveCfg = Release|Any CPU
		{889D4434-36BC-49A0-8D07-564D36926C49}.Release|Any CPU.Build.0 = Release|Any CPU
		{EFE5720E-BFAA-4857-8EB9-117081C34F1F}.Debug|Any CPU.ActiveCfg = Debug|Any CPU
		{EFE5720E-BFAA-4857-8EB9-117081C34F1F}.Debug|Any CPU.Build.0 = Debug|Any CPU
		{EFE5720E-BFAA-4857-8EB9-117081C34F1F}.Release|Any CPU.ActiveCfg = Release|Any CPU
		{EFE5720E-BFAA-4857-8EB9-117081C34F1F}.Release|Any CPU.Build.0 = Release|Any CPU
		{B5849D22-AC41-4D0E-B121-12B2D3CB6EB2}.Debug|Any CPU.ActiveCfg = Debug|Any CPU
		{B5849D22-AC41-4D0E-B121-12B2D3CB6EB2}.Debug|Any CPU.Build.0 = Debug|Any CPU
		{B5849D22-AC41-4D0E-B121-12B2D3CB6EB2}.Release|Any CPU.ActiveCfg = Release|Any CPU
		{B5849D22-AC41-4D0E-B121-12B2D3CB6EB2}.Release|Any CPU.Build.0 = Release|Any CPU
		{005ABF3D-01FE-4B04-BA38-396E56E81672}.Debug|Any CPU.ActiveCfg = Debug|Any CPU
		{005ABF3D-01FE-4B04-BA38-396E56E81672}.Debug|Any CPU.Build.0 = Debug|Any CPU
		{005ABF3D-01FE-4B04-BA38-396E56E81672}.Release|Any CPU.ActiveCfg = Release|Any CPU
		{005ABF3D-01FE-4B04-BA38-396E56E81672}.Release|Any CPU.Build.0 = Release|Any CPU
		{C0D3A2A5-833B-48EE-8AFF-126E1FED693F}.Debug|Any CPU.ActiveCfg = Debug|Any CPU
		{C0D3A2A5-833B-48EE-8AFF-126E1FED693F}.Debug|Any CPU.Build.0 = Debug|Any CPU
		{C0D3A2A5-833B-48EE-8AFF-126E1FED693F}.Release|Any CPU.ActiveCfg = Release|Any CPU
		{C0D3A2A5-833B-48EE-8AFF-126E1FED693F}.Release|Any CPU.Build.0 = Release|Any CPU
		{29AB012E-A8D6-4805-A95B-F28D360F1D91}.Debug|Any CPU.ActiveCfg = Debug|Any CPU
		{29AB012E-A8D6-4805-A95B-F28D360F1D91}.Debug|Any CPU.Build.0 = Debug|Any CPU
		{29AB012E-A8D6-4805-A95B-F28D360F1D91}.Release|Any CPU.ActiveCfg = Release|Any CPU
		{29AB012E-A8D6-4805-A95B-F28D360F1D91}.Release|Any CPU.Build.0 = Release|Any CPU
		{FC7F0A7A-6B3D-4C0F-B593-4DC25590021F}.Debug|Any CPU.ActiveCfg = Debug|Any CPU
		{FC7F0A7A-6B3D-4C0F-B593-4DC25590021F}.Debug|Any CPU.Build.0 = Debug|Any CPU
		{FC7F0A7A-6B3D-4C0F-B593-4DC25590021F}.Release|Any CPU.ActiveCfg = Release|Any CPU
		{FC7F0A7A-6B3D-4C0F-B593-4DC25590021F}.Release|Any CPU.Build.0 = Release|Any CPU
		{2023888B-AE1C-4D07-9D67-9B1343F90E12}.Debug|Any CPU.ActiveCfg = Debug|Any CPU
		{2023888B-AE1C-4D07-9D67-9B1343F90E12}.Debug|Any CPU.Build.0 = Debug|Any CPU
		{2023888B-AE1C-4D07-9D67-9B1343F90E12}.Release|Any CPU.ActiveCfg = Release|Any CPU
		{2023888B-AE1C-4D07-9D67-9B1343F90E12}.Release|Any CPU.Build.0 = Release|Any CPU
		{C0C8167F-18D2-47BE-80A7-429A76FE4DD0}.Debug|Any CPU.ActiveCfg = Debug|Any CPU
		{C0C8167F-18D2-47BE-80A7-429A76FE4DD0}.Debug|Any CPU.Build.0 = Debug|Any CPU
		{C0C8167F-18D2-47BE-80A7-429A76FE4DD0}.Release|Any CPU.ActiveCfg = Release|Any CPU
		{C0C8167F-18D2-47BE-80A7-429A76FE4DD0}.Release|Any CPU.Build.0 = Release|Any CPU
		{A7809C5D-71DB-4DCE-AE8A-79629CB97452}.Debug|Any CPU.ActiveCfg = Debug|Any CPU
		{A7809C5D-71DB-4DCE-AE8A-79629CB97452}.Debug|Any CPU.Build.0 = Debug|Any CPU
		{A7809C5D-71DB-4DCE-AE8A-79629CB97452}.Release|Any CPU.ActiveCfg = Release|Any CPU
		{A7809C5D-71DB-4DCE-AE8A-79629CB97452}.Release|Any CPU.Build.0 = Release|Any CPU
		{2EDACF1A-A97E-4192-8897-FECE5F557DB4}.Debug|Any CPU.ActiveCfg = Debug|Any CPU
		{2EDACF1A-A97E-4192-8897-FECE5F557DB4}.Debug|Any CPU.Build.0 = Debug|Any CPU
		{2EDACF1A-A97E-4192-8897-FECE5F557DB4}.Release|Any CPU.ActiveCfg = Release|Any CPU
		{2EDACF1A-A97E-4192-8897-FECE5F557DB4}.Release|Any CPU.Build.0 = Release|Any CPU
		{611F2F27-1D30-4E99-AB47-C682FD733437}.Debug|Any CPU.ActiveCfg = Debug|Any CPU
		{611F2F27-1D30-4E99-AB47-C682FD733437}.Debug|Any CPU.Build.0 = Debug|Any CPU
		{611F2F27-1D30-4E99-AB47-C682FD733437}.Release|Any CPU.ActiveCfg = Release|Any CPU
		{611F2F27-1D30-4E99-AB47-C682FD733437}.Release|Any CPU.Build.0 = Release|Any CPU
		{9B8ACB3E-9BF7-46B6-84DA-73AD84983232}.Debug|Any CPU.ActiveCfg = Debug|Any CPU
		{9B8ACB3E-9BF7-46B6-84DA-73AD84983232}.Debug|Any CPU.Build.0 = Debug|Any CPU
		{9B8ACB3E-9BF7-46B6-84DA-73AD84983232}.Release|Any CPU.ActiveCfg = Release|Any CPU
		{9B8ACB3E-9BF7-46B6-84DA-73AD84983232}.Release|Any CPU.Build.0 = Release|Any CPU
		{EE525CCD-ECD4-4766-B53B-20E6AF037A1B}.Debug|Any CPU.ActiveCfg = Debug|Any CPU
		{EE525CCD-ECD4-4766-B53B-20E6AF037A1B}.Debug|Any CPU.Build.0 = Debug|Any CPU
		{EE525CCD-ECD4-4766-B53B-20E6AF037A1B}.Release|Any CPU.ActiveCfg = Release|Any CPU
		{EE525CCD-ECD4-4766-B53B-20E6AF037A1B}.Release|Any CPU.Build.0 = Release|Any CPU
		{083815B6-F320-459D-96C9-6884A9A47AEE}.Debug|Any CPU.ActiveCfg = Debug|Any CPU
		{083815B6-F320-459D-96C9-6884A9A47AEE}.Debug|Any CPU.Build.0 = Debug|Any CPU
		{083815B6-F320-459D-96C9-6884A9A47AEE}.Release|Any CPU.ActiveCfg = Release|Any CPU
		{083815B6-F320-459D-96C9-6884A9A47AEE}.Release|Any CPU.Build.0 = Release|Any CPU
		{15F717BF-64AD-4FC0-BC9F-68E0FCD23813}.Debug|Any CPU.ActiveCfg = Debug|Any CPU
		{15F717BF-64AD-4FC0-BC9F-68E0FCD23813}.Debug|Any CPU.Build.0 = Debug|Any CPU
		{15F717BF-64AD-4FC0-BC9F-68E0FCD23813}.Release|Any CPU.ActiveCfg = Release|Any CPU
		{15F717BF-64AD-4FC0-BC9F-68E0FCD23813}.Release|Any CPU.Build.0 = Release|Any CPU
		{78594BBC-0BE7-4A30-8A6F-59C0F8996265}.Debug|Any CPU.ActiveCfg = Debug|Any CPU
		{78594BBC-0BE7-4A30-8A6F-59C0F8996265}.Debug|Any CPU.Build.0 = Debug|Any CPU
		{78594BBC-0BE7-4A30-8A6F-59C0F8996265}.Release|Any CPU.ActiveCfg = Release|Any CPU
		{78594BBC-0BE7-4A30-8A6F-59C0F8996265}.Release|Any CPU.Build.0 = Release|Any CPU
		{CA5491ED-E6D5-49E8-8063-4CD47379B9CA}.Debug|Any CPU.ActiveCfg = Debug|Any CPU
		{CA5491ED-E6D5-49E8-8063-4CD47379B9CA}.Debug|Any CPU.Build.0 = Debug|Any CPU
		{CA5491ED-E6D5-49E8-8063-4CD47379B9CA}.Release|Any CPU.ActiveCfg = Release|Any CPU
		{CA5491ED-E6D5-49E8-8063-4CD47379B9CA}.Release|Any CPU.Build.0 = Release|Any CPU
	EndGlobalSection
	GlobalSection(SolutionProperties) = preSolution
		HideSolutionNode = FALSE
	EndGlobalSection
	GlobalSection(NestedProjects) = preSolution
		{8B4A5B50-3862-461E-801F-5EA0BE71073F} = {A04CDFE2-BB21-4B96-B9B4-9FCBF1A8541A}
		{889D4434-36BC-49A0-8D07-564D36926C49} = {A04CDFE2-BB21-4B96-B9B4-9FCBF1A8541A}
		{EFE5720E-BFAA-4857-8EB9-117081C34F1F} = {A04CDFE2-BB21-4B96-B9B4-9FCBF1A8541A}
		{B5849D22-AC41-4D0E-B121-12B2D3CB6EB2} = {A04CDFE2-BB21-4B96-B9B4-9FCBF1A8541A}
		{005ABF3D-01FE-4B04-BA38-396E56E81672} = {B5D45ACF-311F-4BC6-B9E2-4D2AE1E134E8}
		{C0D3A2A5-833B-48EE-8AFF-126E1FED693F} = {B5D45ACF-311F-4BC6-B9E2-4D2AE1E134E8}
		{29AB012E-A8D6-4805-A95B-F28D360F1D91} = {B5D45ACF-311F-4BC6-B9E2-4D2AE1E134E8}
		{FC7F0A7A-6B3D-4C0F-B593-4DC25590021F} = {B5D45ACF-311F-4BC6-B9E2-4D2AE1E134E8}
		{2023888B-AE1C-4D07-9D67-9B1343F90E12} = {2CEA4152-A7B9-46E3-BFF8-A0DCE84A7D8A}
		{C0C8167F-18D2-47BE-80A7-429A76FE4DD0} = {62B3B9FF-5D9A-433B-B702-D89554E84FCC}
		{A7809C5D-71DB-4DCE-AE8A-79629CB97452} = {62B3B9FF-5D9A-433B-B702-D89554E84FCC}
		{2EDACF1A-A97E-4192-8897-FECE5F557DB4} = {62B3B9FF-5D9A-433B-B702-D89554E84FCC}
		{611F2F27-1D30-4E99-AB47-C682FD733437} = {62B3B9FF-5D9A-433B-B702-D89554E84FCC}
		{9B8ACB3E-9BF7-46B6-84DA-73AD84983232} = {62B3B9FF-5D9A-433B-B702-D89554E84FCC}
		{EE525CCD-ECD4-4766-B53B-20E6AF037A1B} = {1A05EBF0-7750-47F0-A09E-63540DAAA876}
		{083815B6-F320-459D-96C9-6884A9A47AEE} = {1A05EBF0-7750-47F0-A09E-63540DAAA876}
		{15F717BF-64AD-4FC0-BC9F-68E0FCD23813} = {1A05EBF0-7750-47F0-A09E-63540DAAA876}
		{78594BBC-0BE7-4A30-8A6F-59C0F8996265} = {1A05EBF0-7750-47F0-A09E-63540DAAA876}
		{CA5491ED-E6D5-49E8-8063-4CD47379B9CA} = {1A05EBF0-7750-47F0-A09E-63540DAAA876}
	EndGlobalSection
	GlobalSection(ExtensibilityGlobals) = postSolution
		SolutionGuid = {137022A2-6879-46FF-A6C3-CB896D5C5D78}
	EndGlobalSection
EndGlobal
